
Microsoft Visual Studio Solution File, Format Version 12.00
# Visual Studio 15
VisualStudioVersion = 15.0.28307.572
MinimumVisualStudioVersion = 10.0.40219.1
Project("{FAE04EC0-301F-11D3-BF4B-00C04F79EFBC}") = "MedicationTracker.Android", "MedicationTracker\MedicationTracker.Android\MedicationTracker.Android.csproj", "{F8176BC2-C0DF-4FC1-BCEF-E46DEF205A6A}"
EndProject
Project("{FAE04EC0-301F-11D3-BF4B-00C04F79EFBC}") = "MedicationTracker", "MedicationTracker\MedicationTracker\MedicationTracker.csproj", "{698DC19E-E240-4305-BFCE-0E4B4EF0B825}"
EndProject
Global
	GlobalSection(SolutionConfigurationPlatforms) = preSolution
		Debug|Any CPU = Debug|Any CPU
		Release|Any CPU = Release|Any CPU
	EndGlobalSection
	GlobalSection(ProjectConfigurationPlatforms) = postSolution
		{F8176BC2-C0DF-4FC1-BCEF-E46DEF205A6A}.Debug|Any CPU.ActiveCfg = Debug|Any CPU
		{F8176BC2-C0DF-4FC1-BCEF-E46DEF205A6A}.Debug|Any CPU.Build.0 = Debug|Any CPU
		{F8176BC2-C0DF-4FC1-BCEF-E46DEF205A6A}.Debug|Any CPU.Deploy.0 = Debug|Any CPU
		{F8176BC2-C0DF-4FC1-BCEF-E46DEF205A6A}.Release|Any CPU.ActiveCfg = Release|Any CPU
		{F8176BC2-C0DF-4FC1-BCEF-E46DEF205A6A}.Release|Any CPU.Build.0 = Release|Any CPU
		{F8176BC2-C0DF-4FC1-BCEF-E46DEF205A6A}.Release|Any CPU.Deploy.0 = Release|Any CPU
		{698DC19E-E240-4305-BFCE-0E4B4EF0B825}.Debug|Any CPU.ActiveCfg = Debug|Any CPU
		{698DC19E-E240-4305-BFCE-0E4B4EF0B825}.Debug|Any CPU.Build.0 = Debug|Any CPU
		{698DC19E-E240-4305-BFCE-0E4B4EF0B825}.Debug|Any CPU.Deploy.0 = Debug|Any CPU
		{698DC19E-E240-4305-BFCE-0E4B4EF0B825}.Release|Any CPU.ActiveCfg = Release|Any CPU
		{698DC19E-E240-4305-BFCE-0E4B4EF0B825}.Release|Any CPU.Build.0 = Release|Any CPU
		{698DC19E-E240-4305-BFCE-0E4B4EF0B825}.Release|Any CPU.Deploy.0 = Release|Any CPU
	EndGlobalSection
	GlobalSection(SolutionProperties) = preSolution
		HideSolutionNode = FALSE
	EndGlobalSection
	GlobalSection(ExtensibilityGlobals) = postSolution
		SolutionGuid = {EDBFC564-B04C-4D07-B5F1-4BA23484F487}
	EndGlobalSection
EndGlobal
